// !$*UTF8*$!
{
	archiveVersion = 1;
	classes = {
	};
	objectVersion = 50;
	objects = {

/* Begin PBXBuildFile section */
		5860EC0C20CC31080023ECCC /* AlertManager.swift in Sources */ = {isa = PBXBuildFile; fileRef = 5860EC0B20CC31080023ECCC /* AlertManager.swift */; };
		5860EC0E20CC33CC0023ECCC /* README.md in Resources */ = {isa = PBXBuildFile; fileRef = 5860EC0D20CC33CC0023ECCC /* README.md */; };
		5860EC1220CC4AA00023ECCC /* Intents.intentdefinition in Sources */ = {isa = PBXBuildFile; fileRef = 5860EC1120CC4AA00023ECCC /* Intents.intentdefinition */; settings = {ATTRIBUTES = (no_codegen, ); }; };
		5860EC1320CC4AA30023ECCC /* Intents.intentdefinition in Sources */ = {isa = PBXBuildFile; fileRef = 5860EC1120CC4AA00023ECCC /* Intents.intentdefinition */; settings = {ATTRIBUTES = (no_codegen, ); }; };
		5860EC1520CC4AA50023ECCC /* Intents.intentdefinition in Sources */ = {isa = PBXBuildFile; fileRef = 5860EC1120CC4AA00023ECCC /* Intents.intentdefinition */; settings = {ATTRIBUTES = (no_codegen, ); }; };
		5860EC1620CC4AA60023ECCC /* Intents.intentdefinition in Sources */ = {isa = PBXBuildFile; fileRef = 5860EC1120CC4AA00023ECCC /* Intents.intentdefinition */; };
		5860EC1820CC50210023ECCC /* TransferMoneyIntentHandler.swift in Sources */ = {isa = PBXBuildFile; fileRef = 5860EC1720CC50210023ECCC /* TransferMoneyIntentHandler.swift */; };
		589A282020CB1AC200858CCB /* AppDelegate.swift in Sources */ = {isa = PBXBuildFile; fileRef = 589A281F20CB1AC200858CCB /* AppDelegate.swift */; };
		589A282520CB1AC200858CCB /* Main.storyboard in Resources */ = {isa = PBXBuildFile; fileRef = 589A282320CB1AC200858CCB /* Main.storyboard */; };
		589A282720CB1AC400858CCB /* Assets.xcassets in Resources */ = {isa = PBXBuildFile; fileRef = 589A282620CB1AC400858CCB /* Assets.xcassets */; };
		589A282A20CB1AC400858CCB /* LaunchScreen.storyboard in Resources */ = {isa = PBXBuildFile; fileRef = 589A282820CB1AC400858CCB /* LaunchScreen.storyboard */; };
		589A283520CB1AC400858CCB /* SiriBankerTests.swift in Sources */ = {isa = PBXBuildFile; fileRef = 589A283420CB1AC400858CCB /* SiriBankerTests.swift */; };
		589A287720CB25FE00858CCB /* AccountsSummaryTableViewCell.swift in Sources */ = {isa = PBXBuildFile; fileRef = 589A287520CB25FE00858CCB /* AccountsSummaryTableViewCell.swift */; };
		589A287820CB25FE00858CCB /* AccountsSummaryViewController.swift in Sources */ = {isa = PBXBuildFile; fileRef = 589A287620CB25FE00858CCB /* AccountsSummaryViewController.swift */; };
		589A287B20CB2DE700858CCB /* Log.md in Resources */ = {isa = PBXBuildFile; fileRef = 589A287A20CB2DE700858CCB /* Log.md */; };
		589A288420CB2EFD00858CCB /* IntentHandler.swift in Sources */ = {isa = PBXBuildFile; fileRef = 589A288320CB2EFD00858CCB /* IntentHandler.swift */; };
		589A288D20CB2EFD00858CCB /* IntentsUI.framework in Frameworks */ = {isa = PBXBuildFile; fileRef = 589A288C20CB2EFD00858CCB /* IntentsUI.framework */; };
		589A289020CB2EFD00858CCB /* IntentViewController.swift in Sources */ = {isa = PBXBuildFile; fileRef = 589A288F20CB2EFD00858CCB /* IntentViewController.swift */; };
		589A289320CB2EFD00858CCB /* MainInterface.storyboard in Resources */ = {isa = PBXBuildFile; fileRef = 589A289120CB2EFD00858CCB /* MainInterface.storyboard */; };
		589A289720CB2EFD00858CCB /* SiriBankerIntentUI.appex in Embed App Extensions */ = {isa = PBXBuildFile; fileRef = 589A288A20CB2EFD00858CCB /* SiriBankerIntentUI.appex */; settings = {ATTRIBUTES = (RemoveHeadersOnCopy, ); }; };
		589A289A20CB2EFD00858CCB /* SiriBankerIntent.appex in Embed App Extensions */ = {isa = PBXBuildFile; fileRef = 589A288120CB2EFD00858CCB /* SiriBankerIntent.appex */; settings = {ATTRIBUTES = (RemoveHeadersOnCopy, ); }; };
		589A28A320CB391D00858CCB /* Intents.framework in Frameworks */ = {isa = PBXBuildFile; fileRef = 589A28A220CB391D00858CCB /* Intents.framework */; };
		58C1ACB120CC0B8D00240C3D /* CustomerFileManager.swift in Sources */ = {isa = PBXBuildFile; fileRef = 58C1ACB020CC0B8D00240C3D /* CustomerFileManager.swift */; };
		58C1ACB420CC249800240C3D /* TransactionManager.swift in Sources */ = {isa = PBXBuildFile; fileRef = 58C1ACB320CC249800240C3D /* TransactionManager.swift */; };
		58F9F6E920CB4F87003C520B /* SiriBankerKit.framework in Frameworks */ = {isa = PBXBuildFile; fileRef = 58F9F6E020CB4F87003C520B /* SiriBankerKit.framework */; };
		58F9F6F020CB4F87003C520B /* SiriBankerKitTests.swift in Sources */ = {isa = PBXBuildFile; fileRef = 58F9F6EF20CB4F87003C520B /* SiriBankerKitTests.swift */; };
		58F9F6F220CB4F87003C520B /* SiriBankerKit.h in Headers */ = {isa = PBXBuildFile; fileRef = 58F9F6E220CB4F87003C520B /* SiriBankerKit.h */; settings = {ATTRIBUTES = (Public, ); }; };
		58F9F6F520CB4F87003C520B /* SiriBankerKit.framework in Frameworks */ = {isa = PBXBuildFile; fileRef = 58F9F6E020CB4F87003C520B /* SiriBankerKit.framework */; };
		58F9F6F720CB4F87003C520B /* SiriBankerKit.framework in Embed Frameworks */ = {isa = PBXBuildFile; fileRef = 58F9F6E020CB4F87003C520B /* SiriBankerKit.framework */; settings = {ATTRIBUTES = (CodeSignOnCopy, RemoveHeadersOnCopy, ); }; };
		58F9F6FE20CB4FF5003C520B /* customerData.json in Resources */ = {isa = PBXBuildFile; fileRef = 589A284120CB1F7F00858CCB /* customerData.json */; };
		58F9F6FF20CB4FF5003C520B /* DataLoader.swift in Sources */ = {isa = PBXBuildFile; fileRef = 589A284320CB1F8D00858CCB /* DataLoader.swift */; };
		58F9F70020CB4FF5003C520B /* Account.swift in Sources */ = {isa = PBXBuildFile; fileRef = 589A284620CB1FB100858CCB /* Account.swift */; };
		58F9F70120CB4FF5003C520B /* Transaction.swift in Sources */ = {isa = PBXBuildFile; fileRef = 589A284820CB1FBF00858CCB /* Transaction.swift */; };
		58F9F70220CB4FF5003C520B /* Customer.swift in Sources */ = {isa = PBXBuildFile; fileRef = 589A284A20CB1FD600858CCB /* Customer.swift */; };
		58F9F70320CB5014003C520B /* Formatter.swift in Sources */ = {isa = PBXBuildFile; fileRef = 589A287220CB25F100858CCB /* Formatter.swift */; };
		E334DBB620CC4EE9006862F8 /* Localizable.strings in Resources */ = {isa = PBXBuildFile; fileRef = E334DBB520CC4EE9006862F8 /* Localizable.strings */; };
		E334DBB820CC4F86006862F8 /* Bundle+Extension.swift in Sources */ = {isa = PBXBuildFile; fileRef = E334DBB720CC4F86006862F8 /* Bundle+Extension.swift */; };
		E3990CF020CC4ACA00621F28 /* NSUserActivity+IntentData.swift in Sources */ = {isa = PBXBuildFile; fileRef = E3990CEF20CC4ACA00621F28 /* NSUserActivity+IntentData.swift */; };
		E3FAE7CB20CB26A80045A573 /* AccountDetailsViewController.swift in Sources */ = {isa = PBXBuildFile; fileRef = E3FAE7CA20CB26A80045A573 /* AccountDetailsViewController.swift */; };
		E3FAE7CD20CB2A930045A573 /* TransactionTableViewCell.swift in Sources */ = {isa = PBXBuildFile; fileRef = E3FAE7CC20CB2A930045A573 /* TransactionTableViewCell.swift */; };
		E3FAE7D220CB37940045A573 /* TransferTableViewController.swift in Sources */ = {isa = PBXBuildFile; fileRef = E3FAE7D120CB37940045A573 /* TransferTableViewController.swift */; };
		E3FAE7D920CC03140045A573 /* SelectAccountTableViewController.swift in Sources */ = {isa = PBXBuildFile; fileRef = E3FAE7D820CC03140045A573 /* SelectAccountTableViewController.swift */; };
/* End PBXBuildFile section */

/* Begin PBXContainerItemProxy section */
		589A283120CB1AC400858CCB /* PBXContainerItemProxy */ = {
			isa = PBXContainerItemProxy;
			containerPortal = 589A281420CB1AC200858CCB /* Project object */;
			proxyType = 1;
			remoteGlobalIDString = 589A281B20CB1AC200858CCB;
			remoteInfo = SiriBanker;
		};
		589A289520CB2EFD00858CCB /* PBXContainerItemProxy */ = {
			isa = PBXContainerItemProxy;
			containerPortal = 589A281420CB1AC200858CCB /* Project object */;
			proxyType = 1;
			remoteGlobalIDString = 589A288920CB2EFD00858CCB;
			remoteInfo = SiriBankerIntentUI;
		};
		589A289820CB2EFD00858CCB /* PBXContainerItemProxy */ = {
			isa = PBXContainerItemProxy;
			containerPortal = 589A281420CB1AC200858CCB /* Project object */;
			proxyType = 1;
			remoteGlobalIDString = 589A288020CB2EFD00858CCB;
			remoteInfo = SiriBankerIntent;
		};
		58F9F6EA20CB4F87003C520B /* PBXContainerItemProxy */ = {
			isa = PBXContainerItemProxy;
			containerPortal = 589A281420CB1AC200858CCB /* Project object */;
			proxyType = 1;
			remoteGlobalIDString = 58F9F6DF20CB4F87003C520B;
			remoteInfo = SiriBankerKit;
		};
		58F9F6EC20CB4F87003C520B /* PBXContainerItemProxy */ = {
			isa = PBXContainerItemProxy;
			containerPortal = 589A281420CB1AC200858CCB /* Project object */;
			proxyType = 1;
			remoteGlobalIDString = 589A281B20CB1AC200858CCB;
			remoteInfo = SiriBanker;
		};
		58F9F6F320CB4F87003C520B /* PBXContainerItemProxy */ = {
			isa = PBXContainerItemProxy;
			containerPortal = 589A281420CB1AC200858CCB /* Project object */;
			proxyType = 1;
			remoteGlobalIDString = 58F9F6DF20CB4F87003C520B;
			remoteInfo = SiriBankerKit;
		};
/* End PBXContainerItemProxy section */

/* Begin PBXCopyFilesBuildPhase section */
		589A28A120CB2EFD00858CCB /* Embed App Extensions */ = {
			isa = PBXCopyFilesBuildPhase;
			buildActionMask = 2147483647;
			dstPath = "";
			dstSubfolderSpec = 13;
			files = (
				589A289A20CB2EFD00858CCB /* SiriBankerIntent.appex in Embed App Extensions */,
				589A289720CB2EFD00858CCB /* SiriBankerIntentUI.appex in Embed App Extensions */,
			);
			name = "Embed App Extensions";
			runOnlyForDeploymentPostprocessing = 0;
		};
		58F9F6F620CB4F87003C520B /* Embed Frameworks */ = {
			isa = PBXCopyFilesBuildPhase;
			buildActionMask = 2147483647;
			dstPath = "";
			dstSubfolderSpec = 10;
			files = (
				58F9F6F720CB4F87003C520B /* SiriBankerKit.framework in Embed Frameworks */,
			);
			name = "Embed Frameworks";
			runOnlyForDeploymentPostprocessing = 0;
		};
/* End PBXCopyFilesBuildPhase section */

/* Begin PBXFileReference section */
		5860EC0B20CC31080023ECCC /* AlertManager.swift */ = {isa = PBXFileReference; fileEncoding = 4; lastKnownFileType = sourcecode.swift; path = AlertManager.swift; sourceTree = "<group>"; };
		5860EC0D20CC33CC0023ECCC /* README.md */ = {isa = PBXFileReference; fileEncoding = 4; lastKnownFileType = net.daringfireball.markdown; name = README.md; path = ../README.md; sourceTree = "<group>"; };
		5860EC0F20CC49560023ECCC /* SiriBankerIntent.entitlements */ = {isa = PBXFileReference; fileEncoding = 4; lastKnownFileType = text.plist.entitlements; path = SiriBankerIntent.entitlements; sourceTree = "<group>"; };
		5860EC1120CC4AA00023ECCC /* Intents.intentdefinition */ = {isa = PBXFileReference; lastKnownFileType = file.intentdefinition; path = Intents.intentdefinition; sourceTree = "<group>"; };
		5860EC1720CC50210023ECCC /* TransferMoneyIntentHandler.swift */ = {isa = PBXFileReference; lastKnownFileType = sourcecode.swift; path = TransferMoneyIntentHandler.swift; sourceTree = "<group>"; };
		589A281C20CB1AC200858CCB /* SiriBanker.app */ = {isa = PBXFileReference; explicitFileType = wrapper.application; includeInIndex = 0; path = SiriBanker.app; sourceTree = BUILT_PRODUCTS_DIR; };
		589A281F20CB1AC200858CCB /* AppDelegate.swift */ = {isa = PBXFileReference; lastKnownFileType = sourcecode.swift; path = AppDelegate.swift; sourceTree = "<group>"; };
		589A282420CB1AC200858CCB /* Base */ = {isa = PBXFileReference; lastKnownFileType = file.storyboard; name = Base; path = Base.lproj/Main.storyboard; sourceTree = "<group>"; };
		589A282620CB1AC400858CCB /* Assets.xcassets */ = {isa = PBXFileReference; lastKnownFileType = folder.assetcatalog; path = Assets.xcassets; sourceTree = "<group>"; };
		589A282920CB1AC400858CCB /* Base */ = {isa = PBXFileReference; lastKnownFileType = file.storyboard; name = Base; path = Base.lproj/LaunchScreen.storyboard; sourceTree = "<group>"; };
		589A282B20CB1AC400858CCB /* Info.plist */ = {isa = PBXFileReference; lastKnownFileType = text.plist.xml; path = Info.plist; sourceTree = "<group>"; };
		589A283020CB1AC400858CCB /* SiriBankerTests.xctest */ = {isa = PBXFileReference; explicitFileType = wrapper.cfbundle; includeInIndex = 0; path = SiriBankerTests.xctest; sourceTree = BUILT_PRODUCTS_DIR; };
		589A283420CB1AC400858CCB /* SiriBankerTests.swift */ = {isa = PBXFileReference; lastKnownFileType = sourcecode.swift; path = SiriBankerTests.swift; sourceTree = "<group>"; };
		589A283620CB1AC400858CCB /* Info.plist */ = {isa = PBXFileReference; lastKnownFileType = text.plist.xml; path = Info.plist; sourceTree = "<group>"; };
		589A284120CB1F7F00858CCB /* customerData.json */ = {isa = PBXFileReference; fileEncoding = 4; lastKnownFileType = text.json; path = customerData.json; sourceTree = "<group>"; };
		589A284320CB1F8D00858CCB /* DataLoader.swift */ = {isa = PBXFileReference; lastKnownFileType = sourcecode.swift; path = DataLoader.swift; sourceTree = "<group>"; };
		589A284620CB1FB100858CCB /* Account.swift */ = {isa = PBXFileReference; lastKnownFileType = sourcecode.swift; path = Account.swift; sourceTree = "<group>"; };
		589A284820CB1FBF00858CCB /* Transaction.swift */ = {isa = PBXFileReference; lastKnownFileType = sourcecode.swift; path = Transaction.swift; sourceTree = "<group>"; };
		589A284A20CB1FD600858CCB /* Customer.swift */ = {isa = PBXFileReference; lastKnownFileType = sourcecode.swift; path = Customer.swift; sourceTree = "<group>"; };
		589A287220CB25F100858CCB /* Formatter.swift */ = {isa = PBXFileReference; fileEncoding = 4; lastKnownFileType = sourcecode.swift; path = Formatter.swift; sourceTree = "<group>"; };
		589A287520CB25FE00858CCB /* AccountsSummaryTableViewCell.swift */ = {isa = PBXFileReference; fileEncoding = 4; lastKnownFileType = sourcecode.swift; path = AccountsSummaryTableViewCell.swift; sourceTree = "<group>"; };
		589A287620CB25FE00858CCB /* AccountsSummaryViewController.swift */ = {isa = PBXFileReference; fileEncoding = 4; lastKnownFileType = sourcecode.swift; path = AccountsSummaryViewController.swift; sourceTree = "<group>"; };
		589A287A20CB2DE700858CCB /* Log.md */ = {isa = PBXFileReference; fileEncoding = 4; lastKnownFileType = net.daringfireball.markdown; path = Log.md; sourceTree = "<group>"; };
		589A287C20CB2E7F00858CCB /* SiriBanker.entitlements */ = {isa = PBXFileReference; lastKnownFileType = text.plist.entitlements; path = SiriBanker.entitlements; sourceTree = "<group>"; };
		589A288120CB2EFD00858CCB /* SiriBankerIntent.appex */ = {isa = PBXFileReference; explicitFileType = "wrapper.app-extension"; includeInIndex = 0; path = SiriBankerIntent.appex; sourceTree = BUILT_PRODUCTS_DIR; };
		589A288320CB2EFD00858CCB /* IntentHandler.swift */ = {isa = PBXFileReference; lastKnownFileType = sourcecode.swift; path = IntentHandler.swift; sourceTree = "<group>"; };
		589A288520CB2EFD00858CCB /* Info.plist */ = {isa = PBXFileReference; lastKnownFileType = text.plist.xml; path = Info.plist; sourceTree = "<group>"; };
		589A288A20CB2EFD00858CCB /* SiriBankerIntentUI.appex */ = {isa = PBXFileReference; explicitFileType = "wrapper.app-extension"; includeInIndex = 0; path = SiriBankerIntentUI.appex; sourceTree = BUILT_PRODUCTS_DIR; };
		589A288C20CB2EFD00858CCB /* IntentsUI.framework */ = {isa = PBXFileReference; lastKnownFileType = wrapper.framework; name = IntentsUI.framework; path = System/Library/Frameworks/IntentsUI.framework; sourceTree = SDKROOT; };
		589A288F20CB2EFD00858CCB /* IntentViewController.swift */ = {isa = PBXFileReference; lastKnownFileType = sourcecode.swift; path = IntentViewController.swift; sourceTree = "<group>"; };
		589A289220CB2EFD00858CCB /* Base */ = {isa = PBXFileReference; lastKnownFileType = file.storyboard; name = Base; path = Base.lproj/MainInterface.storyboard; sourceTree = "<group>"; };
		589A289420CB2EFD00858CCB /* Info.plist */ = {isa = PBXFileReference; lastKnownFileType = text.plist.xml; path = Info.plist; sourceTree = "<group>"; };
		589A28A220CB391D00858CCB /* Intents.framework */ = {isa = PBXFileReference; lastKnownFileType = wrapper.framework; name = Intents.framework; path = System/Library/Frameworks/Intents.framework; sourceTree = SDKROOT; };
		58C1ACB020CC0B8D00240C3D /* CustomerFileManager.swift */ = {isa = PBXFileReference; lastKnownFileType = sourcecode.swift; path = CustomerFileManager.swift; sourceTree = "<group>"; };
		58C1ACB220CC181A00240C3D /* lslkjsdf.playground */ = {isa = PBXFileReference; lastKnownFileType = file.playground; name = lslkjsdf.playground; path = ../../../../../Desktop/lslkjsdf.playground; sourceTree = "<group>"; xcLanguageSpecificationIdentifier = xcode.lang.swift; };
		58C1ACB320CC249800240C3D /* TransactionManager.swift */ = {isa = PBXFileReference; fileEncoding = 4; lastKnownFileType = sourcecode.swift; path = TransactionManager.swift; sourceTree = "<group>"; };
		58F9F6E020CB4F87003C520B /* SiriBankerKit.framework */ = {isa = PBXFileReference; explicitFileType = wrapper.framework; includeInIndex = 0; path = SiriBankerKit.framework; sourceTree = BUILT_PRODUCTS_DIR; };
		58F9F6E220CB4F87003C520B /* SiriBankerKit.h */ = {isa = PBXFileReference; lastKnownFileType = sourcecode.c.h; path = SiriBankerKit.h; sourceTree = "<group>"; };
		58F9F6E320CB4F87003C520B /* Info.plist */ = {isa = PBXFileReference; lastKnownFileType = text.plist.xml; path = Info.plist; sourceTree = "<group>"; };
		58F9F6E820CB4F87003C520B /* SiriBankerKitTests.xctest */ = {isa = PBXFileReference; explicitFileType = wrapper.cfbundle; includeInIndex = 0; path = SiriBankerKitTests.xctest; sourceTree = BUILT_PRODUCTS_DIR; };
		58F9F6EF20CB4F87003C520B /* SiriBankerKitTests.swift */ = {isa = PBXFileReference; lastKnownFileType = sourcecode.swift; path = SiriBankerKitTests.swift; sourceTree = "<group>"; };
		58F9F6F120CB4F87003C520B /* Info.plist */ = {isa = PBXFileReference; lastKnownFileType = text.plist.xml; path = Info.plist; sourceTree = "<group>"; };
		E334DBB520CC4EE9006862F8 /* Localizable.strings */ = {isa = PBXFileReference; lastKnownFileType = text.plist.strings; path = Localizable.strings; sourceTree = "<group>"; };
		E334DBB720CC4F86006862F8 /* Bundle+Extension.swift */ = {isa = PBXFileReference; lastKnownFileType = sourcecode.swift; path = "Bundle+Extension.swift"; sourceTree = "<group>"; };
		E3990CEF20CC4ACA00621F28 /* NSUserActivity+IntentData.swift */ = {isa = PBXFileReference; lastKnownFileType = sourcecode.swift; path = "NSUserActivity+IntentData.swift"; sourceTree = "<group>"; };
		E3FAE7CA20CB26A80045A573 /* AccountDetailsViewController.swift */ = {isa = PBXFileReference; lastKnownFileType = sourcecode.swift; path = AccountDetailsViewController.swift; sourceTree = "<group>"; };
		E3FAE7CC20CB2A930045A573 /* TransactionTableViewCell.swift */ = {isa = PBXFileReference; lastKnownFileType = sourcecode.swift; path = TransactionTableViewCell.swift; sourceTree = "<group>"; };
		E3FAE7D120CB37940045A573 /* TransferTableViewController.swift */ = {isa = PBXFileReference; lastKnownFileType = sourcecode.swift; path = TransferTableViewController.swift; sourceTree = "<group>"; };
		E3FAE7D820CC03140045A573 /* SelectAccountTableViewController.swift */ = {isa = PBXFileReference; lastKnownFileType = sourcecode.swift; path = SelectAccountTableViewController.swift; sourceTree = "<group>"; };
/* End PBXFileReference section */

/* Begin PBXFrameworksBuildPhase section */
		589A281920CB1AC200858CCB /* Frameworks */ = {
			isa = PBXFrameworksBuildPhase;
			buildActionMask = 2147483647;
			files = (
				589A28A320CB391D00858CCB /* Intents.framework in Frameworks */,
				58F9F6F520CB4F87003C520B /* SiriBankerKit.framework in Frameworks */,
			);
			runOnlyForDeploymentPostprocessing = 0;
		};
		589A282D20CB1AC400858CCB /* Frameworks */ = {
			isa = PBXFrameworksBuildPhase;
			buildActionMask = 2147483647;
			files = (
			);
			runOnlyForDeploymentPostprocessing = 0;
		};
		589A287E20CB2EFD00858CCB /* Frameworks */ = {
			isa = PBXFrameworksBuildPhase;
			buildActionMask = 2147483647;
			files = (
			);
			runOnlyForDeploymentPostprocessing = 0;
		};
		589A288720CB2EFD00858CCB /* Frameworks */ = {
			isa = PBXFrameworksBuildPhase;
			buildActionMask = 2147483647;
			files = (
				589A288D20CB2EFD00858CCB /* IntentsUI.framework in Frameworks */,
			);
			runOnlyForDeploymentPostprocessing = 0;
		};
		58F9F6DD20CB4F87003C520B /* Frameworks */ = {
			isa = PBXFrameworksBuildPhase;
			buildActionMask = 2147483647;
			files = (
			);
			runOnlyForDeploymentPostprocessing = 0;
		};
		58F9F6E520CB4F87003C520B /* Frameworks */ = {
			isa = PBXFrameworksBuildPhase;
			buildActionMask = 2147483647;
			files = (
				58F9F6E920CB4F87003C520B /* SiriBankerKit.framework in Frameworks */,
			);
			runOnlyForDeploymentPostprocessing = 0;
		};
/* End PBXFrameworksBuildPhase section */

/* Begin PBXGroup section */
		5860EC0A20CC30E50023ECCC /* ViewUtilities */ = {
			isa = PBXGroup;
			children = (
				5860EC0B20CC31080023ECCC /* AlertManager.swift */,
			);
			path = ViewUtilities;
			sourceTree = "<group>";
		};
		5860EC1020CC4A810023ECCC /* Shared */ = {
			isa = PBXGroup;
			children = (
				5860EC1120CC4AA00023ECCC /* Intents.intentdefinition */,
				E3990CF120CC4AD500621F28 /* Support */,
			);
			path = Shared;
			sourceTree = "<group>";
		};
		589A281320CB1AC200858CCB = {
			isa = PBXGroup;
			children = (
				5860EC1020CC4A810023ECCC /* Shared */,
				5860EC0D20CC33CC0023ECCC /* README.md */,
				589A287A20CB2DE700858CCB /* Log.md */,
				589A281E20CB1AC200858CCB /* SiriBanker */,
				589A283320CB1AC400858CCB /* SiriBankerTests */,
				589A288220CB2EFD00858CCB /* SiriBankerIntent */,
				589A288E20CB2EFD00858CCB /* SiriBankerIntentUI */,
				58F9F6E120CB4F87003C520B /* SiriBankerKit */,
				58F9F6EE20CB4F87003C520B /* SiriBankerKitTests */,
				589A288B20CB2EFD00858CCB /* Frameworks */,
				589A281D20CB1AC200858CCB /* Products */,
			);
			sourceTree = "<group>";
		};
		589A281D20CB1AC200858CCB /* Products */ = {
			isa = PBXGroup;
			children = (
				589A281C20CB1AC200858CCB /* SiriBanker.app */,
				589A283020CB1AC400858CCB /* SiriBankerTests.xctest */,
				589A288120CB2EFD00858CCB /* SiriBankerIntent.appex */,
				589A288A20CB2EFD00858CCB /* SiriBankerIntentUI.appex */,
				58F9F6E020CB4F87003C520B /* SiriBankerKit.framework */,
				58F9F6E820CB4F87003C520B /* SiriBankerKitTests.xctest */,
			);
			name = Products;
			sourceTree = "<group>";
		};
		589A281E20CB1AC200858CCB /* SiriBanker */ = {
			isa = PBXGroup;
			children = (
				589A287C20CB2E7F00858CCB /* SiriBanker.entitlements */,
				5860EC0A20CC30E50023ECCC /* ViewUtilities */,
				589A287420CB25FE00858CCB /* AccountsSummary */,
				E3FAE7C920CB268B0045A573 /* AccountDetails */,
				E3FAE7D020CB35F00045A573 /* Transfers */,
				589A281F20CB1AC200858CCB /* AppDelegate.swift */,
				589A282320CB1AC200858CCB /* Main.storyboard */,
				589A282620CB1AC400858CCB /* Assets.xcassets */,
				589A282820CB1AC400858CCB /* LaunchScreen.storyboard */,
				589A282B20CB1AC400858CCB /* Info.plist */,
			);
			path = SiriBanker;
			sourceTree = "<group>";
		};
		589A283320CB1AC400858CCB /* SiriBankerTests */ = {
			isa = PBXGroup;
			children = (
				589A283420CB1AC400858CCB /* SiriBankerTests.swift */,
				589A283620CB1AC400858CCB /* Info.plist */,
			);
			path = SiriBankerTests;
			sourceTree = "<group>";
		};
		589A284020CB1F7F00858CCB /* Data */ = {
			isa = PBXGroup;
			children = (
				589A284120CB1F7F00858CCB /* customerData.json */,
				589A284320CB1F8D00858CCB /* DataLoader.swift */,
			);
			path = Data;
			sourceTree = "<group>";
		};
		589A284520CB1FA500858CCB /* Model */ = {
			isa = PBXGroup;
			children = (
				58C1ACB320CC249800240C3D /* TransactionManager.swift */,
				589A284620CB1FB100858CCB /* Account.swift */,
				589A284820CB1FBF00858CCB /* Transaction.swift */,
				589A284A20CB1FD600858CCB /* Customer.swift */,
				58C1ACB020CC0B8D00240C3D /* CustomerFileManager.swift */,
				58C1ACB220CC181A00240C3D /* lslkjsdf.playground */,
			);
			path = Model;
			sourceTree = "<group>";
		};
		589A287120CB25F100858CCB /* Utilities */ = {
			isa = PBXGroup;
			children = (
				589A287220CB25F100858CCB /* Formatter.swift */,
			);
			path = Utilities;
			sourceTree = "<group>";
		};
		589A287420CB25FE00858CCB /* AccountsSummary */ = {
			isa = PBXGroup;
			children = (
				589A287620CB25FE00858CCB /* AccountsSummaryViewController.swift */,
				589A287520CB25FE00858CCB /* AccountsSummaryTableViewCell.swift */,
			);
			path = AccountsSummary;
			sourceTree = "<group>";
		};
		589A288220CB2EFD00858CCB /* SiriBankerIntent */ = {
			isa = PBXGroup;
			children = (
				5860EC0F20CC49560023ECCC /* SiriBankerIntent.entitlements */,
				589A288320CB2EFD00858CCB /* IntentHandler.swift */,
				589A288520CB2EFD00858CCB /* Info.plist */,
			);
			path = SiriBankerIntent;
			sourceTree = "<group>";
		};
		589A288B20CB2EFD00858CCB /* Frameworks */ = {
			isa = PBXGroup;
			children = (
				589A28A220CB391D00858CCB /* Intents.framework */,
				589A288C20CB2EFD00858CCB /* IntentsUI.framework */,
			);
			name = Frameworks;
			sourceTree = "<group>";
		};
		589A288E20CB2EFD00858CCB /* SiriBankerIntentUI */ = {
			isa = PBXGroup;
			children = (
				589A288F20CB2EFD00858CCB /* IntentViewController.swift */,
				589A289120CB2EFD00858CCB /* MainInterface.storyboard */,
				589A289420CB2EFD00858CCB /* Info.plist */,
			);
			path = SiriBankerIntentUI;
			sourceTree = "<group>";
		};
		58F9F6E120CB4F87003C520B /* SiriBankerKit */ = {
			isa = PBXGroup;
			children = (
				589A287120CB25F100858CCB /* Utilities */,
				589A284020CB1F7F00858CCB /* Data */,
				589A284520CB1FA500858CCB /* Model */,
				58F9F6E220CB4F87003C520B /* SiriBankerKit.h */,
				58F9F6E320CB4F87003C520B /* Info.plist */,
				5860EC1720CC50210023ECCC /* TransferMoneyIntentHandler.swift */,
			);
			path = SiriBankerKit;
			sourceTree = "<group>";
		};
		58F9F6EE20CB4F87003C520B /* SiriBankerKitTests */ = {
			isa = PBXGroup;
			children = (
				58F9F6EF20CB4F87003C520B /* SiriBankerKitTests.swift */,
				58F9F6F120CB4F87003C520B /* Info.plist */,
			);
			path = SiriBankerKitTests;
			sourceTree = "<group>";
		};
		E3990CF120CC4AD500621F28 /* Support */ = {
			isa = PBXGroup;
			children = (
				E3990CEF20CC4ACA00621F28 /* NSUserActivity+IntentData.swift */,
				E334DBB520CC4EE9006862F8 /* Localizable.strings */,
				E334DBB720CC4F86006862F8 /* Bundle+Extension.swift */,
			);
			name = Support;
			path = "New Group";
			sourceTree = "<group>";
		};
		E3FAE7C920CB268B0045A573 /* AccountDetails */ = {
			isa = PBXGroup;
			children = (
				E3FAE7CA20CB26A80045A573 /* AccountDetailsViewController.swift */,
				E3FAE7CC20CB2A930045A573 /* TransactionTableViewCell.swift */,
			);
			path = AccountDetails;
			sourceTree = "<group>";
		};
		E3FAE7D020CB35F00045A573 /* Transfers */ = {
			isa = PBXGroup;
			children = (
				E3FAE7D120CB37940045A573 /* TransferTableViewController.swift */,
				E3FAE7D820CC03140045A573 /* SelectAccountTableViewController.swift */,
			);
			path = Transfers;
			sourceTree = "<group>";
		};
/* End PBXGroup section */

/* Begin PBXHeadersBuildPhase section */
		58F9F6DB20CB4F87003C520B /* Headers */ = {
			isa = PBXHeadersBuildPhase;
			buildActionMask = 2147483647;
			files = (
				58F9F6F220CB4F87003C520B /* SiriBankerKit.h in Headers */,
			);
			runOnlyForDeploymentPostprocessing = 0;
		};
/* End PBXHeadersBuildPhase section */

/* Begin PBXNativeTarget section */
		589A281B20CB1AC200858CCB /* SiriBanker */ = {
			isa = PBXNativeTarget;
			buildConfigurationList = 589A283920CB1AC400858CCB /* Build configuration list for PBXNativeTarget "SiriBanker" */;
			buildPhases = (
				589A281820CB1AC200858CCB /* Sources */,
				589A281920CB1AC200858CCB /* Frameworks */,
				589A281A20CB1AC200858CCB /* Resources */,
				589A284C20CB201100858CCB /* ShellScript */,
				589A28A120CB2EFD00858CCB /* Embed App Extensions */,
				58F9F6F620CB4F87003C520B /* Embed Frameworks */,
			);
			buildRules = (
			);
			dependencies = (
				589A289620CB2EFD00858CCB /* PBXTargetDependency */,
				589A289920CB2EFD00858CCB /* PBXTargetDependency */,
				58F9F6F420CB4F87003C520B /* PBXTargetDependency */,
			);
			name = SiriBanker;
			productName = SiriBanker;
			productReference = 589A281C20CB1AC200858CCB /* SiriBanker.app */;
			productType = "com.apple.product-type.application";
		};
		589A282F20CB1AC400858CCB /* SiriBankerTests */ = {
			isa = PBXNativeTarget;
			buildConfigurationList = 589A283C20CB1AC400858CCB /* Build configuration list for PBXNativeTarget "SiriBankerTests" */;
			buildPhases = (
				589A282C20CB1AC400858CCB /* Sources */,
				589A282D20CB1AC400858CCB /* Frameworks */,
				589A282E20CB1AC400858CCB /* Resources */,
			);
			buildRules = (
			);
			dependencies = (
				589A283220CB1AC400858CCB /* PBXTargetDependency */,
			);
			name = SiriBankerTests;
			productName = SiriBankerTests;
			productReference = 589A283020CB1AC400858CCB /* SiriBankerTests.xctest */;
			productType = "com.apple.product-type.bundle.unit-test";
		};
		589A288020CB2EFD00858CCB /* SiriBankerIntent */ = {
			isa = PBXNativeTarget;
			buildConfigurationList = 589A289E20CB2EFD00858CCB /* Build configuration list for PBXNativeTarget "SiriBankerIntent" */;
			buildPhases = (
				589A287D20CB2EFD00858CCB /* Sources */,
				589A287E20CB2EFD00858CCB /* Frameworks */,
				589A287F20CB2EFD00858CCB /* Resources */,
			);
			buildRules = (
			);
			dependencies = (
			);
			name = SiriBankerIntent;
			productName = SiriBankerIntent;
			productReference = 589A288120CB2EFD00858CCB /* SiriBankerIntent.appex */;
			productType = "com.apple.product-type.app-extension";
		};
		589A288920CB2EFD00858CCB /* SiriBankerIntentUI */ = {
			isa = PBXNativeTarget;
			buildConfigurationList = 589A289B20CB2EFD00858CCB /* Build configuration list for PBXNativeTarget "SiriBankerIntentUI" */;
			buildPhases = (
				589A288620CB2EFD00858CCB /* Sources */,
				589A288720CB2EFD00858CCB /* Frameworks */,
				589A288820CB2EFD00858CCB /* Resources */,
			);
			buildRules = (
			);
			dependencies = (
			);
			name = SiriBankerIntentUI;
			productName = SiriBankerIntentUI;
			productReference = 589A288A20CB2EFD00858CCB /* SiriBankerIntentUI.appex */;
			productType = "com.apple.product-type.app-extension";
		};
		58F9F6DF20CB4F87003C520B /* SiriBankerKit */ = {
			isa = PBXNativeTarget;
			buildConfigurationList = 58F9F6FC20CB4F87003C520B /* Build configuration list for PBXNativeTarget "SiriBankerKit" */;
			buildPhases = (
				58F9F6DB20CB4F87003C520B /* Headers */,
				58F9F6DC20CB4F87003C520B /* Sources */,
				58F9F6DD20CB4F87003C520B /* Frameworks */,
				58F9F6DE20CB4F87003C520B /* Resources */,
			);
			buildRules = (
			);
			dependencies = (
			);
			name = SiriBankerKit;
			productName = SiriBankerKit;
			productReference = 58F9F6E020CB4F87003C520B /* SiriBankerKit.framework */;
			productType = "com.apple.product-type.framework";
		};
		58F9F6E720CB4F87003C520B /* SiriBankerKitTests */ = {
			isa = PBXNativeTarget;
			buildConfigurationList = 58F9F6FD20CB4F87003C520B /* Build configuration list for PBXNativeTarget "SiriBankerKitTests" */;
			buildPhases = (
				58F9F6E420CB4F87003C520B /* Sources */,
				58F9F6E520CB4F87003C520B /* Frameworks */,
				58F9F6E620CB4F87003C520B /* Resources */,
			);
			buildRules = (
			);
			dependencies = (
				58F9F6EB20CB4F87003C520B /* PBXTargetDependency */,
				58F9F6ED20CB4F87003C520B /* PBXTargetDependency */,
			);
			name = SiriBankerKitTests;
			productName = SiriBankerKitTests;
			productReference = 58F9F6E820CB4F87003C520B /* SiriBankerKitTests.xctest */;
			productType = "com.apple.product-type.bundle.unit-test";
		};
/* End PBXNativeTarget section */

/* Begin PBXProject section */
		589A281420CB1AC200858CCB /* Project object */ = {
			isa = PBXProject;
			attributes = {
				LastSwiftUpdateCheck = 1000;
				LastUpgradeCheck = 1000;
				ORGANIZATIONNAME = LBrands;
				TargetAttributes = {
					589A281B20CB1AC200858CCB = {
						CreatedOnToolsVersion = 10.0;
						SystemCapabilities = {
							com.apple.Siri = {
								enabled = 1;
							};
						};
					};
					589A282F20CB1AC400858CCB = {
						CreatedOnToolsVersion = 10.0;
						TestTargetID = 589A281B20CB1AC200858CCB;
					};
					589A288020CB2EFD00858CCB = {
						CreatedOnToolsVersion = 10.0;
					};
					589A288920CB2EFD00858CCB = {
						CreatedOnToolsVersion = 10.0;
					};
					58F9F6DF20CB4F87003C520B = {
						CreatedOnToolsVersion = 10.0;
					};
					58F9F6E720CB4F87003C520B = {
						CreatedOnToolsVersion = 10.0;
						TestTargetID = 589A281B20CB1AC200858CCB;
					};
				};
			};
			buildConfigurationList = 589A281720CB1AC200858CCB /* Build configuration list for PBXProject "SiriBanker" */;
			compatibilityVersion = "Xcode 9.3";
			developmentRegion = en;
			hasScannedForEncodings = 0;
			knownRegions = (
				en,
				Base,
			);
			mainGroup = 589A281320CB1AC200858CCB;
			productRefGroup = 589A281D20CB1AC200858CCB /* Products */;
			projectDirPath = "";
			projectRoot = "";
			targets = (
				589A281B20CB1AC200858CCB /* SiriBanker */,
				589A282F20CB1AC400858CCB /* SiriBankerTests */,
				589A288020CB2EFD00858CCB /* SiriBankerIntent */,
				589A288920CB2EFD00858CCB /* SiriBankerIntentUI */,
				58F9F6DF20CB4F87003C520B /* SiriBankerKit */,
				58F9F6E720CB4F87003C520B /* SiriBankerKitTests */,
			);
		};
/* End PBXProject section */

/* Begin PBXResourcesBuildPhase section */
		589A281A20CB1AC200858CCB /* Resources */ = {
			isa = PBXResourcesBuildPhase;
			buildActionMask = 2147483647;
			files = (
				589A287B20CB2DE700858CCB /* Log.md in Resources */,
				E334DBB620CC4EE9006862F8 /* Localizable.strings in Resources */,
				589A282A20CB1AC400858CCB /* LaunchScreen.storyboard in Resources */,
				5860EC0E20CC33CC0023ECCC /* README.md in Resources */,
				589A282720CB1AC400858CCB /* Assets.xcassets in Resources */,
				589A282520CB1AC200858CCB /* Main.storyboard in Resources */,
			);
			runOnlyForDeploymentPostprocessing = 0;
		};
		589A282E20CB1AC400858CCB /* Resources */ = {
			isa = PBXResourcesBuildPhase;
			buildActionMask = 2147483647;
			files = (
			);
			runOnlyForDeploymentPostprocessing = 0;
		};
		589A287F20CB2EFD00858CCB /* Resources */ = {
			isa = PBXResourcesBuildPhase;
			buildActionMask = 2147483647;
			files = (
			);
			runOnlyForDeploymentPostprocessing = 0;
		};
		589A288820CB2EFD00858CCB /* Resources */ = {
			isa = PBXResourcesBuildPhase;
			buildActionMask = 2147483647;
			files = (
				589A289320CB2EFD00858CCB /* MainInterface.storyboard in Resources */,
			);
			runOnlyForDeploymentPostprocessing = 0;
		};
		58F9F6DE20CB4F87003C520B /* Resources */ = {
			isa = PBXResourcesBuildPhase;
			buildActionMask = 2147483647;
			files = (
				58F9F6FE20CB4FF5003C520B /* customerData.json in Resources */,
			);
			runOnlyForDeploymentPostprocessing = 0;
		};
		58F9F6E620CB4F87003C520B /* Resources */ = {
			isa = PBXResourcesBuildPhase;
			buildActionMask = 2147483647;
			files = (
			);
			runOnlyForDeploymentPostprocessing = 0;
		};
/* End PBXResourcesBuildPhase section */

/* Begin PBXShellScriptBuildPhase section */
		589A284C20CB201100858CCB /* ShellScript */ = {
			isa = PBXShellScriptBuildPhase;
			buildActionMask = 2147483647;
			files = (
			);
			inputFileListPaths = (
			);
			inputPaths = (
			);
			outputFileListPaths = (
			);
			outputPaths = (
			);
			runOnlyForDeploymentPostprocessing = 0;
			shellPath = /bin/sh;
			shellScript = "/usr/local/bin/swiftformat \"$(SRCROOT)\"\n";
		};
/* End PBXShellScriptBuildPhase section */

/* Begin PBXSourcesBuildPhase section */
		589A281820CB1AC200858CCB /* Sources */ = {
			isa = PBXSourcesBuildPhase;
			buildActionMask = 2147483647;
			files = (
				589A282020CB1AC200858CCB /* AppDelegate.swift in Sources */,
				E3FAE7CD20CB2A930045A573 /* TransactionTableViewCell.swift in Sources */,
				589A282020CB1AC200858CCB /* AppDelegate.swift in Sources */,
				E3FAE7D220CB37940045A573 /* TransferTableViewController.swift in Sources */,
				E3990CF020CC4ACA00621F28 /* NSUserActivity+IntentData.swift in Sources */,
				E3FAE7CB20CB26A80045A573 /* AccountDetailsViewController.swift in Sources */,
				E3FAE7D920CC03140045A573 /* SelectAccountTableViewController.swift in Sources */,
				E334DBB820CC4F86006862F8 /* Bundle+Extension.swift in Sources */,
				589A287820CB25FE00858CCB /* AccountsSummaryViewController.swift in Sources */,
				589A287720CB25FE00858CCB /* AccountsSummaryTableViewCell.swift in Sources */,
				5860EC1320CC4AA30023ECCC /* Intents.intentdefinition in Sources */,
				5860EC0C20CC31080023ECCC /* AlertManager.swift in Sources */,
			);
			runOnlyForDeploymentPostprocessing = 0;
		};
		589A282C20CB1AC400858CCB /* Sources */ = {
			isa = PBXSourcesBuildPhase;
			buildActionMask = 2147483647;
			files = (
				589A283520CB1AC400858CCB /* SiriBankerTests.swift in Sources */,
			);
			runOnlyForDeploymentPostprocessing = 0;
		};
		589A287D20CB2EFD00858CCB /* Sources */ = {
			isa = PBXSourcesBuildPhase;
			buildActionMask = 2147483647;
			files = (
				5860EC1220CC4AA00023ECCC /* Intents.intentdefinition in Sources */,
				589A288420CB2EFD00858CCB /* IntentHandler.swift in Sources */,
			);
			runOnlyForDeploymentPostprocessing = 0;
		};
		589A288620CB2EFD00858CCB /* Sources */ = {
			isa = PBXSourcesBuildPhase;
			buildActionMask = 2147483647;
			files = (
				5860EC1520CC4AA50023ECCC /* Intents.intentdefinition in Sources */,
				589A289020CB2EFD00858CCB /* IntentViewController.swift in Sources */,
			);
			runOnlyForDeploymentPostprocessing = 0;
		};
		58F9F6DC20CB4F87003C520B /* Sources */ = {
			isa = PBXSourcesBuildPhase;
			buildActionMask = 2147483647;
			files = (
				58F9F6FF20CB4FF5003C520B /* DataLoader.swift in Sources */,
				58F9F70020CB4FF5003C520B /* Account.swift in Sources */,
				58F9F70320CB5014003C520B /* Formatter.swift in Sources */,
				58C1ACB420CC249800240C3D /* TransactionManager.swift in Sources */,
				5860EC1820CC50210023ECCC /* TransferMoneyIntentHandler.swift in Sources */,
				58F9F70120CB4FF5003C520B /* Transaction.swift in Sources */,
				58F9F70220CB4FF5003C520B /* Customer.swift in Sources */,
				5860EC1620CC4AA60023ECCC /* Intents.intentdefinition in Sources */,
				58C1ACB120CC0B8D00240C3D /* CustomerFileManager.swift in Sources */,
			);
			runOnlyForDeploymentPostprocessing = 0;
		};
		58F9F6E420CB4F87003C520B /* Sources */ = {
			isa = PBXSourcesBuildPhase;
			buildActionMask = 2147483647;
			files = (
				58F9F6F020CB4F87003C520B /* SiriBankerKitTests.swift in Sources */,
			);
			runOnlyForDeploymentPostprocessing = 0;
		};
/* End PBXSourcesBuildPhase section */

/* Begin PBXTargetDependency section */
		589A283220CB1AC400858CCB /* PBXTargetDependency */ = {
			isa = PBXTargetDependency;
			target = 589A281B20CB1AC200858CCB /* SiriBanker */;
			targetProxy = 589A283120CB1AC400858CCB /* PBXContainerItemProxy */;
		};
		589A289620CB2EFD00858CCB /* PBXTargetDependency */ = {
			isa = PBXTargetDependency;
			target = 589A288920CB2EFD00858CCB /* SiriBankerIntentUI */;
			targetProxy = 589A289520CB2EFD00858CCB /* PBXContainerItemProxy */;
		};
		589A289920CB2EFD00858CCB /* PBXTargetDependency */ = {
			isa = PBXTargetDependency;
			target = 589A288020CB2EFD00858CCB /* SiriBankerIntent */;
			targetProxy = 589A289820CB2EFD00858CCB /* PBXContainerItemProxy */;
		};
		58F9F6EB20CB4F87003C520B /* PBXTargetDependency */ = {
			isa = PBXTargetDependency;
			target = 58F9F6DF20CB4F87003C520B /* SiriBankerKit */;
			targetProxy = 58F9F6EA20CB4F87003C520B /* PBXContainerItemProxy */;
		};
		58F9F6ED20CB4F87003C520B /* PBXTargetDependency */ = {
			isa = PBXTargetDependency;
			target = 589A281B20CB1AC200858CCB /* SiriBanker */;
			targetProxy = 58F9F6EC20CB4F87003C520B /* PBXContainerItemProxy */;
		};
		58F9F6F420CB4F87003C520B /* PBXTargetDependency */ = {
			isa = PBXTargetDependency;
			target = 58F9F6DF20CB4F87003C520B /* SiriBankerKit */;
			targetProxy = 58F9F6F320CB4F87003C520B /* PBXContainerItemProxy */;
		};
/* End PBXTargetDependency section */

/* Begin PBXVariantGroup section */
		589A282320CB1AC200858CCB /* Main.storyboard */ = {
			isa = PBXVariantGroup;
			children = (
				589A282420CB1AC200858CCB /* Base */,
			);
			name = Main.storyboard;
			sourceTree = "<group>";
		};
		589A282820CB1AC400858CCB /* LaunchScreen.storyboard */ = {
			isa = PBXVariantGroup;
			children = (
				589A282920CB1AC400858CCB /* Base */,
			);
			name = LaunchScreen.storyboard;
			sourceTree = "<group>";
		};
		589A289120CB2EFD00858CCB /* MainInterface.storyboard */ = {
			isa = PBXVariantGroup;
			children = (
				589A289220CB2EFD00858CCB /* Base */,
			);
			name = MainInterface.storyboard;
			sourceTree = "<group>";
		};
/* End PBXVariantGroup section */

/* Begin XCBuildConfiguration section */
		589A283720CB1AC400858CCB /* Debug */ = {
			isa = XCBuildConfiguration;
			buildSettings = {
				ALWAYS_SEARCH_USER_PATHS = NO;
				CLANG_ANALYZER_NONNULL = YES;
				CLANG_ANALYZER_NUMBER_OBJECT_CONVERSION = YES_AGGRESSIVE;
				CLANG_CXX_LANGUAGE_STANDARD = "gnu++14";
				CLANG_CXX_LIBRARY = "libc++";
				CLANG_ENABLE_MODULES = YES;
				CLANG_ENABLE_OBJC_ARC = YES;
				CLANG_ENABLE_OBJC_WEAK = YES;
				CLANG_WARN_BLOCK_CAPTURE_AUTORELEASING = YES;
				CLANG_WARN_BOOL_CONVERSION = YES;
				CLANG_WARN_COMMA = YES;
				CLANG_WARN_CONSTANT_CONVERSION = YES;
				CLANG_WARN_DEPRECATED_OBJC_IMPLEMENTATIONS = YES;
				CLANG_WARN_DIRECT_OBJC_ISA_USAGE = YES_ERROR;
				CLANG_WARN_DOCUMENTATION_COMMENTS = YES;
				CLANG_WARN_EMPTY_BODY = YES;
				CLANG_WARN_ENUM_CONVERSION = YES;
				CLANG_WARN_INFINITE_RECURSION = YES;
				CLANG_WARN_INT_CONVERSION = YES;
				CLANG_WARN_NON_LITERAL_NULL_CONVERSION = YES;
				CLANG_WARN_OBJC_IMPLICIT_RETAIN_SELF = YES;
				CLANG_WARN_OBJC_LITERAL_CONVERSION = YES;
				CLANG_WARN_OBJC_ROOT_CLASS = YES_ERROR;
				CLANG_WARN_RANGE_LOOP_ANALYSIS = YES;
				CLANG_WARN_STRICT_PROTOTYPES = YES;
				CLANG_WARN_SUSPICIOUS_MOVE = YES;
				CLANG_WARN_UNGUARDED_AVAILABILITY = YES_AGGRESSIVE;
				CLANG_WARN_UNREACHABLE_CODE = YES;
				CLANG_WARN__DUPLICATE_METHOD_MATCH = YES;
				CODE_SIGN_IDENTITY = "iPhone Developer";
				COPY_PHASE_STRIP = NO;
				DEBUG_INFORMATION_FORMAT = dwarf;
				ENABLE_STRICT_OBJC_MSGSEND = YES;
				ENABLE_TESTABILITY = YES;
				GCC_C_LANGUAGE_STANDARD = gnu11;
				GCC_DYNAMIC_NO_PIC = NO;
				GCC_NO_COMMON_BLOCKS = YES;
				GCC_OPTIMIZATION_LEVEL = 0;
				GCC_PREPROCESSOR_DEFINITIONS = (
					"DEBUG=1",
					"$(inherited)",
				);
				GCC_WARN_64_TO_32_BIT_CONVERSION = YES;
				GCC_WARN_ABOUT_RETURN_TYPE = YES_ERROR;
				GCC_WARN_UNDECLARED_SELECTOR = YES;
				GCC_WARN_UNINITIALIZED_AUTOS = YES_AGGRESSIVE;
				GCC_WARN_UNUSED_FUNCTION = YES;
				GCC_WARN_UNUSED_VARIABLE = YES;
				IPHONEOS_DEPLOYMENT_TARGET = 12.0;
				MTL_ENABLE_DEBUG_INFO = INCLUDE_SOURCE;
				ONLY_ACTIVE_ARCH = YES;
				SDKROOT = iphoneos;
				SWIFT_ACTIVE_COMPILATION_CONDITIONS = DEBUG;
				SWIFT_OPTIMIZATION_LEVEL = "-Onone";
			};
			name = Debug;
		};
		589A283820CB1AC400858CCB /* Release */ = {
			isa = XCBuildConfiguration;
			buildSettings = {
				ALWAYS_SEARCH_USER_PATHS = NO;
				CLANG_ANALYZER_NONNULL = YES;
				CLANG_ANALYZER_NUMBER_OBJECT_CONVERSION = YES_AGGRESSIVE;
				CLANG_CXX_LANGUAGE_STANDARD = "gnu++14";
				CLANG_CXX_LIBRARY = "libc++";
				CLANG_ENABLE_MODULES = YES;
				CLANG_ENABLE_OBJC_ARC = YES;
				CLANG_ENABLE_OBJC_WEAK = YES;
				CLANG_WARN_BLOCK_CAPTURE_AUTORELEASING = YES;
				CLANG_WARN_BOOL_CONVERSION = YES;
				CLANG_WARN_COMMA = YES;
				CLANG_WARN_CONSTANT_CONVERSION = YES;
				CLANG_WARN_DEPRECATED_OBJC_IMPLEMENTATIONS = YES;
				CLANG_WARN_DIRECT_OBJC_ISA_USAGE = YES_ERROR;
				CLANG_WARN_DOCUMENTATION_COMMENTS = YES;
				CLANG_WARN_EMPTY_BODY = YES;
				CLANG_WARN_ENUM_CONVERSION = YES;
				CLANG_WARN_INFINITE_RECURSION = YES;
				CLANG_WARN_INT_CONVERSION = YES;
				CLANG_WARN_NON_LITERAL_NULL_CONVERSION = YES;
				CLANG_WARN_OBJC_IMPLICIT_RETAIN_SELF = YES;
				CLANG_WARN_OBJC_LITERAL_CONVERSION = YES;
				CLANG_WARN_OBJC_ROOT_CLASS = YES_ERROR;
				CLANG_WARN_RANGE_LOOP_ANALYSIS = YES;
				CLANG_WARN_STRICT_PROTOTYPES = YES;
				CLANG_WARN_SUSPICIOUS_MOVE = YES;
				CLANG_WARN_UNGUARDED_AVAILABILITY = YES_AGGRESSIVE;
				CLANG_WARN_UNREACHABLE_CODE = YES;
				CLANG_WARN__DUPLICATE_METHOD_MATCH = YES;
				CODE_SIGN_IDENTITY = "iPhone Developer";
				COPY_PHASE_STRIP = NO;
				DEBUG_INFORMATION_FORMAT = "dwarf-with-dsym";
				ENABLE_NS_ASSERTIONS = NO;
				ENABLE_STRICT_OBJC_MSGSEND = YES;
				GCC_C_LANGUAGE_STANDARD = gnu11;
				GCC_NO_COMMON_BLOCKS = YES;
				GCC_WARN_64_TO_32_BIT_CONVERSION = YES;
				GCC_WARN_ABOUT_RETURN_TYPE = YES_ERROR;
				GCC_WARN_UNDECLARED_SELECTOR = YES;
				GCC_WARN_UNINITIALIZED_AUTOS = YES_AGGRESSIVE;
				GCC_WARN_UNUSED_FUNCTION = YES;
				GCC_WARN_UNUSED_VARIABLE = YES;
				IPHONEOS_DEPLOYMENT_TARGET = 12.0;
				MTL_ENABLE_DEBUG_INFO = NO;
				SDKROOT = iphoneos;
				SWIFT_COMPILATION_MODE = wholemodule;
				SWIFT_OPTIMIZATION_LEVEL = "-O";
				VALIDATE_PRODUCT = YES;
			};
			name = Release;
		};
		589A283A20CB1AC400858CCB /* Debug */ = {
			isa = XCBuildConfiguration;
			buildSettings = {
				ALWAYS_EMBED_SWIFT_STANDARD_LIBRARIES = YES;
				ASSETCATALOG_COMPILER_APPICON_NAME = AppIcon;
				CODE_SIGN_ENTITLEMENTS = SiriBanker/SiriBanker.entitlements;
				CODE_SIGN_STYLE = Automatic;
				DEVELOPMENT_TEAM = 3Q4M6DQ9WM;
				INFOPLIST_FILE = SiriBanker/Info.plist;
				LD_RUNPATH_SEARCH_PATHS = (
					"$(inherited)",
					"@executable_path/Frameworks",
				);
				PRODUCT_BUNDLE_IDENTIFIER = com.captech.siribanker;
				PRODUCT_NAME = "$(TARGET_NAME)";
				SWIFT_VERSION = 4.2;
				TARGETED_DEVICE_FAMILY = "1,2";
			};
			name = Debug;
		};
		589A283B20CB1AC400858CCB /* Release */ = {
			isa = XCBuildConfiguration;
			buildSettings = {
				ALWAYS_EMBED_SWIFT_STANDARD_LIBRARIES = YES;
				ASSETCATALOG_COMPILER_APPICON_NAME = AppIcon;
				CODE_SIGN_ENTITLEMENTS = SiriBanker/SiriBanker.entitlements;
				CODE_SIGN_STYLE = Automatic;
				DEVELOPMENT_TEAM = 3Q4M6DQ9WM;
				INFOPLIST_FILE = SiriBanker/Info.plist;
				LD_RUNPATH_SEARCH_PATHS = (
					"$(inherited)",
					"@executable_path/Frameworks",
				);
				PRODUCT_BUNDLE_IDENTIFIER = com.captech.siribanker;
				PRODUCT_NAME = "$(TARGET_NAME)";
				SWIFT_VERSION = 4.2;
				TARGETED_DEVICE_FAMILY = "1,2";
			};
			name = Release;
		};
		589A283D20CB1AC400858CCB /* Debug */ = {
			isa = XCBuildConfiguration;
			buildSettings = {
				ALWAYS_EMBED_SWIFT_STANDARD_LIBRARIES = YES;
				BUNDLE_LOADER = "$(TEST_HOST)";
				CODE_SIGN_STYLE = Automatic;
				DEVELOPMENT_TEAM = 3Q4M6DQ9WM;
				INFOPLIST_FILE = SiriBankerTests/Info.plist;
				LD_RUNPATH_SEARCH_PATHS = (
					"$(inherited)",
					"@executable_path/Frameworks",
					"@loader_path/Frameworks",
				);
				PRODUCT_BUNDLE_IDENTIFIER = com.captech.siribanker.SiriBankerTests;
				PRODUCT_NAME = "$(TARGET_NAME)";
				SWIFT_VERSION = 4.2;
				TARGETED_DEVICE_FAMILY = "1,2";
				TEST_HOST = "$(BUILT_PRODUCTS_DIR)/SiriBanker.app/SiriBanker";
			};
			name = Debug;
		};
		589A283E20CB1AC400858CCB /* Release */ = {
			isa = XCBuildConfiguration;
			buildSettings = {
				ALWAYS_EMBED_SWIFT_STANDARD_LIBRARIES = YES;
				BUNDLE_LOADER = "$(TEST_HOST)";
				CODE_SIGN_STYLE = Automatic;
				DEVELOPMENT_TEAM = 3Q4M6DQ9WM;
				INFOPLIST_FILE = SiriBankerTests/Info.plist;
				LD_RUNPATH_SEARCH_PATHS = (
					"$(inherited)",
					"@executable_path/Frameworks",
					"@loader_path/Frameworks",
				);
				PRODUCT_BUNDLE_IDENTIFIER = com.captech.siribanker.SiriBankerTests;
				PRODUCT_NAME = "$(TARGET_NAME)";
				SWIFT_VERSION = 4.2;
				TARGETED_DEVICE_FAMILY = "1,2";
				TEST_HOST = "$(BUILT_PRODUCTS_DIR)/SiriBanker.app/SiriBanker";
			};
			name = Release;
		};
		589A289C20CB2EFD00858CCB /* Debug */ = {
			isa = XCBuildConfiguration;
			buildSettings = {
				CODE_SIGN_STYLE = Automatic;
				DEVELOPMENT_TEAM = 3Q4M6DQ9WM;
				INFOPLIST_FILE = SiriBankerIntentUI/Info.plist;
				LD_RUNPATH_SEARCH_PATHS = (
					"$(inherited)",
					"@executable_path/Frameworks",
					"@executable_path/../../Frameworks",
				);
				PRODUCT_BUNDLE_IDENTIFIER = com.captech.siribanker.SiriBankerIntentUI;
				PRODUCT_NAME = "$(TARGET_NAME)";
				SKIP_INSTALL = YES;
				SWIFT_VERSION = 4.2;
				TARGETED_DEVICE_FAMILY = "1,2";
			};
			name = Debug;
		};
		589A289D20CB2EFD00858CCB /* Release */ = {
			isa = XCBuildConfiguration;
			buildSettings = {
				CODE_SIGN_STYLE = Automatic;
				DEVELOPMENT_TEAM = 3Q4M6DQ9WM;
				INFOPLIST_FILE = SiriBankerIntentUI/Info.plist;
				LD_RUNPATH_SEARCH_PATHS = (
					"$(inherited)",
					"@executable_path/Frameworks",
					"@executable_path/../../Frameworks",
				);
				PRODUCT_BUNDLE_IDENTIFIER = com.captech.siribanker.SiriBankerIntentUI;
				PRODUCT_NAME = "$(TARGET_NAME)";
				SKIP_INSTALL = YES;
				SWIFT_VERSION = 4.2;
				TARGETED_DEVICE_FAMILY = "1,2";
			};
			name = Release;
		};
		589A289F20CB2EFD00858CCB /* Debug */ = {
			isa = XCBuildConfiguration;
			buildSettings = {
				CODE_SIGN_ENTITLEMENTS = /Users/mbroski/Code/SiriBanker/SiriBanker/SiriBankerIntent/SiriBankerIntent.entitlements;
				CODE_SIGN_STYLE = Automatic;
				DEVELOPMENT_TEAM = 3Q4M6DQ9WM;
				INFOPLIST_FILE = SiriBankerIntent/Info.plist;
				LD_RUNPATH_SEARCH_PATHS = (
					"$(inherited)",
					"@executable_path/Frameworks",
					"@executable_path/../../Frameworks",
				);
				PRODUCT_BUNDLE_IDENTIFIER = com.captech.siribanker.SiriBankerIntent;
				PRODUCT_NAME = "$(TARGET_NAME)";
				SKIP_INSTALL = YES;
				SWIFT_VERSION = 4.2;
				TARGETED_DEVICE_FAMILY = "1,2";
			};
			name = Debug;
		};
		589A28A020CB2EFD00858CCB /* Release */ = {
			isa = XCBuildConfiguration;
			buildSettings = {
				CODE_SIGN_ENTITLEMENTS = /Users/mbroski/Code/SiriBanker/SiriBanker/SiriBankerIntent/SiriBankerIntent.entitlements;
				CODE_SIGN_STYLE = Automatic;
				DEVELOPMENT_TEAM = 3Q4M6DQ9WM;
				INFOPLIST_FILE = SiriBankerIntent/Info.plist;
				LD_RUNPATH_SEARCH_PATHS = (
					"$(inherited)",
					"@executable_path/Frameworks",
					"@executable_path/../../Frameworks",
				);
				PRODUCT_BUNDLE_IDENTIFIER = com.captech.siribanker.SiriBankerIntent;
				PRODUCT_NAME = "$(TARGET_NAME)";
				SKIP_INSTALL = YES;
				SWIFT_VERSION = 4.2;
				TARGETED_DEVICE_FAMILY = "1,2";
			};
			name = Release;
		};
		58F9F6F820CB4F87003C520B /* Debug */ = {
			isa = XCBuildConfiguration;
			buildSettings = {
				CODE_SIGN_IDENTITY = "";
				CODE_SIGN_STYLE = Automatic;
				CURRENT_PROJECT_VERSION = 1;
				DEFINES_MODULE = YES;
				DEVELOPMENT_TEAM = 3Q4M6DQ9WM;
				DYLIB_COMPATIBILITY_VERSION = 1;
				DYLIB_CURRENT_VERSION = 1;
				DYLIB_INSTALL_NAME_BASE = "@rpath";
				INFOPLIST_FILE = SiriBankerKit/Info.plist;
				INSTALL_PATH = "$(LOCAL_LIBRARY_DIR)/Frameworks";
				LD_RUNPATH_SEARCH_PATHS = (
					"$(inherited)",
					"@executable_path/Frameworks",
					"@loader_path/Frameworks",
				);
				PRODUCT_BUNDLE_IDENTIFIER = com.captech.siribanker.SiriBankerKit;
				PRODUCT_NAME = "$(TARGET_NAME:c99extidentifier)";
				SKIP_INSTALL = YES;
				SWIFT_VERSION = 4.2;
				TARGETED_DEVICE_FAMILY = "1,2";
				VERSIONING_SYSTEM = "apple-generic";
				VERSION_INFO_PREFIX = "";
			};
			name = Debug;
		};
		58F9F6F920CB4F87003C520B /* Release */ = {
			isa = XCBuildConfiguration;
			buildSettings = {
				CODE_SIGN_IDENTITY = "";
				CODE_SIGN_STYLE = Automatic;
				CURRENT_PROJECT_VERSION = 1;
				DEFINES_MODULE = YES;
				DEVELOPMENT_TEAM = 3Q4M6DQ9WM;
				DYLIB_COMPATIBILITY_VERSION = 1;
				DYLIB_CURRENT_VERSION = 1;
				DYLIB_INSTALL_NAME_BASE = "@rpath";
				INFOPLIST_FILE = SiriBankerKit/Info.plist;
				INSTALL_PATH = "$(LOCAL_LIBRARY_DIR)/Frameworks";
				LD_RUNPATH_SEARCH_PATHS = (
					"$(inherited)",
					"@executable_path/Frameworks",
					"@loader_path/Frameworks",
				);
				PRODUCT_BUNDLE_IDENTIFIER = com.captech.siribanker.SiriBankerKit;
				PRODUCT_NAME = "$(TARGET_NAME:c99extidentifier)";
				SKIP_INSTALL = YES;
				SWIFT_VERSION = 4.2;
				TARGETED_DEVICE_FAMILY = "1,2";
				VERSIONING_SYSTEM = "apple-generic";
				VERSION_INFO_PREFIX = "";
			};
			name = Release;
		};
		58F9F6FA20CB4F87003C520B /* Debug */ = {
			isa = XCBuildConfiguration;
			buildSettings = {
				ALWAYS_EMBED_SWIFT_STANDARD_LIBRARIES = YES;
				CODE_SIGN_STYLE = Automatic;
				DEVELOPMENT_TEAM = 3Q4M6DQ9WM;
				INFOPLIST_FILE = SiriBankerKitTests/Info.plist;
				LD_RUNPATH_SEARCH_PATHS = (
					"$(inherited)",
					"@executable_path/Frameworks",
					"@loader_path/Frameworks",
				);
				PRODUCT_BUNDLE_IDENTIFIER = com.captech.siribanker.SiriBankerKitTests;
				PRODUCT_NAME = "$(TARGET_NAME)";
				SWIFT_VERSION = 4.2;
				TARGETED_DEVICE_FAMILY = "1,2";
				TEST_HOST = "$(BUILT_PRODUCTS_DIR)/SiriBanker.app/SiriBanker";
			};
			name = Debug;
		};
		58F9F6FB20CB4F87003C520B /* Release */ = {
			isa = XCBuildConfiguration;
			buildSettings = {
				ALWAYS_EMBED_SWIFT_STANDARD_LIBRARIES = YES;
				CODE_SIGN_STYLE = Automatic;
				DEVELOPMENT_TEAM = 3Q4M6DQ9WM;
				INFOPLIST_FILE = SiriBankerKitTests/Info.plist;
				LD_RUNPATH_SEARCH_PATHS = (
					"$(inherited)",
					"@executable_path/Frameworks",
					"@loader_path/Frameworks",
				);
				PRODUCT_BUNDLE_IDENTIFIER = com.captech.siribanker.SiriBankerKitTests;
				PRODUCT_NAME = "$(TARGET_NAME)";
				SWIFT_VERSION = 4.2;
				TARGETED_DEVICE_FAMILY = "1,2";
				TEST_HOST = "$(BUILT_PRODUCTS_DIR)/SiriBanker.app/SiriBanker";
			};
			name = Release;
		};
/* End XCBuildConfiguration section */

/* Begin XCConfigurationList section */
		589A281720CB1AC200858CCB /* Build configuration list for PBXProject "SiriBanker" */ = {
			isa = XCConfigurationList;
			buildConfigurations = (
				589A283720CB1AC400858CCB /* Debug */,
				589A283820CB1AC400858CCB /* Release */,
			);
			defaultConfigurationIsVisible = 0;
			defaultConfigurationName = Release;
		};
		589A283920CB1AC400858CCB /* Build configuration list for PBXNativeTarget "SiriBanker" */ = {
			isa = XCConfigurationList;
			buildConfigurations = (
				589A283A20CB1AC400858CCB /* Debug */,
				589A283B20CB1AC400858CCB /* Release */,
			);
			defaultConfigurationIsVisible = 0;
			defaultConfigurationName = Release;
		};
		589A283C20CB1AC400858CCB /* Build configuration list for PBXNativeTarget "SiriBankerTests" */ = {
			isa = XCConfigurationList;
			buildConfigurations = (
				589A283D20CB1AC400858CCB /* Debug */,
				589A283E20CB1AC400858CCB /* Release */,
			);
			defaultConfigurationIsVisible = 0;
			defaultConfigurationName = Release;
		};
		589A289B20CB2EFD00858CCB /* Build configuration list for PBXNativeTarget "SiriBankerIntentUI" */ = {
			isa = XCConfigurationList;
			buildConfigurations = (
				589A289C20CB2EFD00858CCB /* Debug */,
				589A289D20CB2EFD00858CCB /* Release */,
			);
			defaultConfigurationIsVisible = 0;
			defaultConfigurationName = Release;
		};
		589A289E20CB2EFD00858CCB /* Build configuration list for PBXNativeTarget "SiriBankerIntent" */ = {
			isa = XCConfigurationList;
			buildConfigurations = (
				589A289F20CB2EFD00858CCB /* Debug */,
				589A28A020CB2EFD00858CCB /* Release */,
			);
			defaultConfigurationIsVisible = 0;
			defaultConfigurationName = Release;
		};
		58F9F6FC20CB4F87003C520B /* Build configuration list for PBXNativeTarget "SiriBankerKit" */ = {
			isa = XCConfigurationList;
			buildConfigurations = (
				58F9F6F820CB4F87003C520B /* Debug */,
				58F9F6F920CB4F87003C520B /* Release */,
			);
			defaultConfigurationIsVisible = 0;
			defaultConfigurationName = Release;
		};
		58F9F6FD20CB4F87003C520B /* Build configuration list for PBXNativeTarget "SiriBankerKitTests" */ = {
			isa = XCConfigurationList;
			buildConfigurations = (
				58F9F6FA20CB4F87003C520B /* Debug */,
				58F9F6FB20CB4F87003C520B /* Release */,
			);
			defaultConfigurationIsVisible = 0;
			defaultConfigurationName = Release;
		};
/* End XCConfigurationList section */
	};
	rootObject = 589A281420CB1AC200858CCB /* Project object */;
}
